<?xml version="1.0" encoding="utf-8"?>
<Project ToolsVersion="4.0" xmlns="http://schemas.microsoft.com/developer/msbuild/2003">
  <ItemGroup>
    <Filter Include="Source Files">
      <UniqueIdentifier>{4FC737F1-C7A5-4376-A066-2A32D752A2FF}</UniqueIdentifier>
      <Extensions>cpp;c;cc;cxx;c++;cppm;ixx;def;odl;idl;hpj;bat;asm;asmx</Extensions>
    </Filter>
    <Filter Include="Header Files">
      <UniqueIdentifier>{93995380-89BD-4b04-88EB-625FBE52EBFB}</UniqueIdentifier>
      <Extensions>h;hh;hpp;hxx;h++;hm;inl;inc;ipp;xsd</Extensions>
    </Filter>
    <Filter Include="Resource Files">
      <UniqueIdentifier>{67DA6AB6-F800-4c08-8B7A-83BB121AAD01}</UniqueIdentifier>
      <Extensions>rc;ico;cur;bmp;dlg;rc2;rct;bin;rgs;gif;jpg;jpeg;jpe;resx;tiff;tif;png;wav;mfcribbon-ms</Extensions>
    </Filter>
  </ItemGroup>
  <ItemGroup>
    <ClInclude Include="Coder.h">
      <Filter>Header Files</Filter>
    </ClInclude>
    <ClInclude Include="RailCodeForm.h">
      <Filter>Header Files</Filter>
    </ClInclude>
    <ClInclude Include="CaesarCodeForm.h">
      <Filter>Header Files</Filter>
    </ClInclude>
    <ClInclude Include="RailCoder.h">
      <Filter>Header Files</Filter>
    </ClInclude>
    <ClInclude Include="CaesarCoder.h">
      <Filter>Header Files</Filter>
    </ClInclude>
    <ClInclude Include="MenuForm.h">
      <Filter>Header Files</Filter>
    </ClInclude>
    <ClInclude Include="FourSquareCoder.h">
      <Filter>Header Files</Filter>
    </ClInclude>
    <ClInclude Include="FourSquareCodeForm.h">
      <Filter>Header Files</Filter>
    </ClInclude>
    <ClInclude Include="VinegereCoder.h">
      <Filter>Header Files</Filter>
    </ClInclude>
    <ClInclude Include="VinegereCodeForm.h">
      <Filter>Header Files</Filter>
    </ClInclude>
    <ClInclude Include="AtbashCoder.h">
      <Filter>Header Files</Filter>
    </ClInclude>
    <ClInclude Include="AtbashCodeForm.h">
      <Filter>Header Files</Filter>
    </ClInclude>
    <ClInclude Include="VernamCoder.h">
      <Filter>Header Files</Filter>
    </ClInclude>
    <ClInclude Include="VernamCodeForm.h">
      <Filter>Header Files</Filter>
    </ClInclude>
    <ClInclude Include="AboutForm.h">
      <Filter>Header Files</Filter>
    </ClInclude>
  </ItemGroup>
  <ItemGroup>
    <ClCompile Include="Coder.cpp">
      <Filter>Source Files</Filter>
    </ClCompile>
    <ClCompile Include="RailCodeForm.cpp">
      <Filter>Source Files</Filter>
    </ClCompile>
    <ClCompile Include="CaesarCodeForm.cpp">
      <Filter>Source Files</Filter>
    </ClCompile>
    <ClCompile Include="RailCoder.cpp">
      <Filter>Source Files</Filter>
    </ClCompile>
    <ClCompile Include="CaesarCoder.cpp">
      <Filter>Source Files</Filter>
    </ClCompile>
    <ClCompile Include="MenuForm.cpp">
      <Filter>Source Files</Filter>
    </ClCompile>
    <ClCompile Include="FourSquareCoder.cpp">
      <Filter>Source Files</Filter>
    </ClCompile>
    <ClCompile Include="FourSquareCodeForm.cpp">
      <Filter>Source Files</Filter>
    </ClCompile>
    <ClCompile Include="VinegereCoder.cpp">
      <Filter>Source Files</Filter>
    </ClCompile>
    <ClCompile Include="VinegereCodeForm.cpp">
      <Filter>Source Files</Filter>
    </ClCompile>
    <ClCompile Include="AtbashCoder.cpp">
      <Filter>Source Files</Filter>
    </ClCompile>
    <ClCompile Include="AtbashCodeForm.cpp">
      <Filter>Source Files</Filter>
    </ClCompile>
    <ClCompile Include="VernamCoder.cpp">
      <Filter>Source Files</Filter>
    </ClCompile>
    <ClCompile Include="VernamCodeForm.cpp">
      <Filter>Source Files</Filter>
    </ClCompile>
    <ClCompile Include="AboutForm.cpp">
      <Filter>Source Files</Filter>
    </ClCompile>
  </ItemGroup>
  <ItemGroup>
    <Image Include="rail.ico">
      <Filter>Resource Files</Filter>
    </Image>
    <Image Include="wreath.ico">
      <Filter>Resource Files</Filter>
    </Image>
    <Image Include="main.ico">
      <Filter>Resource Files</Filter>
    </Image>
    <Image Include="vernam.ico">
      <Filter>Resource Files</Filter>
    </Image>
    <Image Include="vinegere.ico">
      <Filter>Resource Files</Filter>
    </Image>
    <Image Include="atbash.ico">
      <Filter>Resource Files</Filter>
    </Image>
    <Image Include="copy.ico">
      <Filter>Resource Files</Filter>
    </Image>
  </ItemGroup>
</Project>